
Microsoft Visual Studio Solution File, Format Version 12.00
# Visual Studio Version 17
VisualStudioVersion = 17.14.36301.6 d17.14
MinimumVisualStudioVersion = 10.0.40219.1
Project("{8BC9CEB8-8B4A-11D0-8D11-00A0C91BC942}") = "codeforces-solutions", "codeforces-solutions\codeforces-solutions.vcxproj", "{757816D6-62B4-4476-8503-E3982735654D}"
EndProject
Global
	GlobalSection(SolutionConfigurationPlatforms) = preSolution
		Debug|x64 = Debug|x64
		Debug|x86 = Debug|x86
		Release|x64 = Release|x64
		Release|x86 = Release|x86
	EndGlobalSection
	GlobalSection(ProjectConfigurationPlatforms) = postSolution
		{757816D6-62B4-4476-8503-E3982735654D}.Debug|x64.ActiveCfg = Debug|x64
		{757816D6-62B4-4476-8503-E3982735654D}.Debug|x64.Build.0 = Debug|x64
		{757816D6-62B4-4476-8503-E3982735654D}.Debug|x86.ActiveCfg = Debug|Win32
		{757816D6-62B4-4476-8503-E3982735654D}.Debug|x86.Build.0 = Debug|Win32
		{757816D6-62B4-4476-8503-E3982735654D}.Release|x64.ActiveCfg = Release|x64
		{757816D6-62B4-4476-8503-E3982735654D}.Release|x64.Build.0 = Release|x64
		{757816D6-62B4-4476-8503-E3982735654D}.Release|x86.ActiveCfg = Release|Win32
		{757816D6-62B4-4476-8503-E3982735654D}.Release|x86.Build.0 = Release|Win32
	EndGlobalSection
	GlobalSection(SolutionProperties) = preSolution
		HideSolutionNode = FALSE
	EndGlobalSection
	GlobalSection(ExtensibilityGlobals) = postSolution
		SolutionGuid = {7465B861-DF66-4E23-8FA6-F61EF0857DA7}
	EndGlobalSection
EndGlobal
